
Microsoft Visual Studio Solution File, Format Version 12.00
# Visual Studio 15
VisualStudioVersion = 15.0.28307.757
MinimumVisualStudioVersion = 10.0.40219.1
Project("{9A19103F-16F7-4668-BE54-9A1E7A4F7556}") = "ApiMaterNode", "ApiMaterNode\ApiMaterNode.csproj", "{95A9896D-3BD0-4E66-9051-CCA4D70414CA}"
EndProject
Project("{9A19103F-16F7-4668-BE54-9A1E7A4F7556}") = "WorkNode", "WorkNode\WorkNode.csproj", "{BB114710-A18E-448A-B3C2-EE2F9789D2CA}"
EndProject
Global
	GlobalSection(SolutionConfigurationPlatforms) = preSolution
		Debug|Any CPU = Debug|Any CPU
		Release|Any CPU = Release|Any CPU
	EndGlobalSection
	GlobalSection(ProjectConfigurationPlatforms) = postSolution
		{95A9896D-3BD0-4E66-9051-CCA4D70414CA}.Debug|Any CPU.ActiveCfg = Debug|Any CPU
		{95A9896D-3BD0-4E66-9051-CCA4D70414CA}.Debug|Any CPU.Build.0 = Debug|Any CPU
		{95A9896D-3BD0-4E66-9051-CCA4D70414CA}.Release|Any CPU.ActiveCfg = Release|Any CPU
		{95A9896D-3BD0-4E66-9051-CCA4D70414CA}.Release|Any CPU.Build.0 = Release|Any CPU
		{BB114710-A18E-448A-B3C2-EE2F9789D2CA}.Debug|Any CPU.ActiveCfg = Debug|Any CPU
		{BB114710-A18E-448A-B3C2-EE2F9789D2CA}.Debug|Any CPU.Build.0 = Debug|Any CPU
		{BB114710-A18E-448A-B3C2-EE2F9789D2CA}.Release|Any CPU.ActiveCfg = Release|Any CPU
		{BB114710-A18E-448A-B3C2-EE2F9789D2CA}.Release|Any CPU.Build.0 = Release|Any CPU
	EndGlobalSection
	GlobalSection(SolutionProperties) = preSolution
		HideSolutionNode = FALSE
	EndGlobalSection
	GlobalSection(ExtensibilityGlobals) = postSolution
		SolutionGuid = {65BA9F4D-966A-46E5-80B1-4D45683EA935}
	EndGlobalSection
EndGlobal
